
Microsoft Visual Studio Solution File, Format Version 12.00
# Visual Studio Version 17
VisualStudioVersion = 17.6.33829.357
MinimumVisualStudioVersion = 10.0.40219.1
Project("{9A19103F-16F7-4668-BE54-9A1E7A4F7556}") = "SheetReader", "SheetReader\SheetReader.csproj", "{6FB4EAF1-27E1-474D-BF5E-65FC4A521563}"
EndProject
Project("{FAE04EC0-301F-11D3-BF4B-00C04F79EFBC}") = "SheetReader.Test", "SheetReader.Test\SheetReader.Test.csproj", "{9D38AE0E-90C3-4F3E-AB13-AA300E03D91B}"
EndProject
Global
	GlobalSection(SolutionConfigurationPlatforms) = preSolution
		Debug|Any CPU = Debug|Any CPU
		Release|Any CPU = Release|Any CPU
	EndGlobalSection
	GlobalSection(ProjectConfigurationPlatforms) = postSolution
		{6FB4EAF1-27E1-474D-BF5E-65FC4A521563}.Debug|Any CPU.ActiveCfg = Debug|Any CPU
		{6FB4EAF1-27E1-474D-BF5E-65FC4A521563}.Debug|Any CPU.Build.0 = Debug|Any CPU
		{6FB4EAF1-27E1-474D-BF5E-65FC4A521563}.Release|Any CPU.ActiveCfg = Release|Any CPU
		{6FB4EAF1-27E1-474D-BF5E-65FC4A521563}.Release|Any CPU.Build.0 = Release|Any CPU
		{9D38AE0E-90C3-4F3E-AB13-AA300E03D91B}.Debug|Any CPU.ActiveCfg = Debug|Any CPU
		{9D38AE0E-90C3-4F3E-AB13-AA300E03D91B}.Debug|Any CPU.Build.0 = Debug|Any CPU
		{9D38AE0E-90C3-4F3E-AB13-AA300E03D91B}.Release|Any CPU.ActiveCfg = Release|Any CPU
		{9D38AE0E-90C3-4F3E-AB13-AA300E03D91B}.Release|Any CPU.Build.0 = Release|Any CPU
	EndGlobalSection
	GlobalSection(SolutionProperties) = preSolution
		HideSolutionNode = FALSE
	EndGlobalSection
	GlobalSection(ExtensibilityGlobals) = postSolution
		SolutionGuid = {BEC9522E-B0BE-4523-9D9B-B3407DF7F8B4}
	EndGlobalSection
EndGlobal
